{
    "_readme": [
        "This file locks the dependencies of your project to a known state",
        "Read more about it at https://getcomposer.org/doc/01-basic-usage.md#installing-dependencies",
        "This file is @generated automatically"
    ],
    "content-hash": "1ed8e29c4ee6c61e68ad29b35a15ba49",
    "packages": [
        {
            "name": "opis/json-schema",
            "version": "1.0.13",
            "source": {
                "type": "git",
                "url": "https://github.com/opis/json-schema.git",
                "reference": "3dbf288ac08730bc864feaa449ca6e611387d284"
            },
            "dist": {
                "type": "zip",
                "url": "https://api.github.com/repos/opis/json-schema/zipball/3dbf288ac08730bc864feaa449ca6e611387d284",
                "reference": "3dbf288ac08730bc864feaa449ca6e611387d284",
                "shasum": ""
            },
            "require": {
                "php": ">=7.0"
            },
            "require-dev": {
                "ext-bcmath": "*",
                "ext-intl": "*",
                "ext-mbstring": "*",
                "opis/string": "^1.4",
                "phpunit/phpunit": "^6.5"
            },
            "suggest": {
                "opis/string": "A standalone library for manipulating multibyte strings"
            },
            "type": "library",
            "extra": {
                "branch-alias": {
                    "dev-master": "1.0.x-dev"
                }
            },
            "autoload": {
                "psr-4": {
                    "Opis\\JsonSchema\\": "src/"
                }
            },
            "notification-url": "https://packagist.org/downloads/",
            "license": [
                "Apache-2.0"
            ],
            "authors": [
                {
                    "name": "Marius Sarca",
                    "email": "marius.sarca@gmail.com"
                },
                {
                    "name": "Sorin Sarca",
                    "email": "sarca_sorin@hotmail.com"
                }
            ],
            "description": "Json Schema Validator",
            "homepage": "http://www.opis.io/json-schema",
            "keywords": [
                "json",
                "schema",
                "validation",
                "validator"
            ],
            "time": "2019-01-15T13:32:47+00:00"
        },
        {
            "name": "opis/string",
            "version": "1.5.0",
            "source": {
                "type": "git",
                "url": "https://github.com/opis/string.git",
                "reference": "8ae4494f5364e0c82328947b1cb7521ed8d2c03c"
            },
            "dist": {
                "type": "zip",
                "url": "https://api.github.com/repos/opis/string/zipball/8ae4494f5364e0c82328947b1cb7521ed8d2c03c",
                "reference": "8ae4494f5364e0c82328947b1cb7521ed8d2c03c",
                "shasum": ""
            },
            "require": {
                "php": ">=7.0.0"
            },
            "require-dev": {
                "phpunit/phpunit": "^6.5"
            },
            "type": "library",
            "extra": {
                "branch-alias": {
                    "dev-master": "1.5.x-dev"
                }
            },
            "autoload": {
                "psr-4": {
                    "Opis\\String\\": "src/"
                }
            },
            "notification-url": "https://packagist.org/downloads/",
            "license": [
                "Apache-2.0"
            ],
            "authors": [
                {
                    "name": "Marius Sarca",
                    "email": "marius.sarca@gmail.com"
                }
            ],
            "description": "Multibyte strings as objects",
            "homepage": "https://opis.io/string",
            "keywords": [
                "multi-byte",
                "opis",
                "string",
                "string manipulation",
                "utf-8"
            ],
            "time": "2018-09-04T19:16:27+00:00"
        }
    ],
    "packages-dev": [],
    "aliases": [],
    "minimum-stability": "stable",
    "stability-flags": [],
    "prefer-stable": false,
    "prefer-lowest": false,
    "platform": [],
    "platform-dev": []
}
